
Microsoft Visual Studio Solution File, Format Version 12.00
# Visual Studio Version 17
VisualStudioVersion = 17.7.34024.191
MinimumVisualStudioVersion = 10.0.40219.1
Project("{FAE04EC0-301F-11D3-BF4B-00C04F79EFBC}") = "Jones_CourseProject_part2_updated", "Jones_CourseProject_part2_updated.csproj", "{D0435C5D-2083-42CB-A7C8-EF9F4A06AAB9}"
EndProject
Global
	GlobalSection(SolutionConfigurationPlatforms) = preSolution
		Debug|Any CPU = Debug|Any CPU
		Release|Any CPU = Release|Any CPU
	EndGlobalSection
	GlobalSection(ProjectConfigurationPlatforms) = postSolution
		{D0435C5D-2083-42CB-A7C8-EF9F4A06AAB9}.Debug|Any CPU.ActiveCfg = Debug|Any CPU
		{D0435C5D-2083-42CB-A7C8-EF9F4A06AAB9}.Debug|Any CPU.Build.0 = Debug|Any CPU
		{D0435C5D-2083-42CB-A7C8-EF9F4A06AAB9}.Release|Any CPU.ActiveCfg = Release|Any CPU
		{D0435C5D-2083-42CB-A7C8-EF9F4A06AAB9}.Release|Any CPU.Build.0 = Release|Any CPU
	EndGlobalSection
	GlobalSection(SolutionProperties) = preSolution
		HideSolutionNode = FALSE
	EndGlobalSection
	GlobalSection(ExtensibilityGlobals) = postSolution
		SolutionGuid = {085D25DB-2752-43FE-8095-C5AA3702F56C}
	EndGlobalSection
EndGlobal
